{
    "hash": "6e3a71f653d7d017d4ebe53ccce9e227",
    "packages": [
        {
            "package": "doctrine/common",
            "version": "2.2.x-dev",
            "source-reference": "1e0aa60d109c630d19543d999f12e2852ef8f932",
            "commit-date": "1334303204"
        },
        {
            "package": "doctrine/mongodb",
            "version": "dev-master",
            "source-reference": "3994f6bfe589c519ee9d92f65befb34048497a7c",
            "commit-date": "1342201132"
        },
        {
            "package": "doctrine/mongodb-odm",
            "version": "dev-master",
            "source-reference": "7827f3f12778c82b46de01856ce6f6601c7548a4",
            "commit-date": "1342214207"
        },
        {
            "package": "monolog/monolog",
            "version": "1.1.0"
        },
        {
            "package": "sensio/generator-bundle",
            "version": "2.0.x-dev",
            "source-reference": "c0118ce370f8da20e43051f2dd1ae331a202ab9c",
            "commit-date": "1339741720"
        },
        {
            "package": "swiftmailer/swiftmailer",
            "version": "dev-master",
            "alias-pretty-version": "4.2.x-dev",
            "alias-version": "4.2.9999999.9999999-dev"
        },
        {
            "package": "swiftmailer/swiftmailer",
            "version": "dev-master",
            "source-reference": "8b2aa953f87da228ba413e8fb1372e49c1374050",
            "commit-date": "1342198037"
        },
        {
            "package": "symfony/symfony",
            "version": "2.0.x-dev",
            "source-reference": "50eb170ead6e48d08a01e157c704a143030b6695",
            "commit-date": "1342171844"
        },
        {
            "package": "twig/twig",
            "version": "dev-master",
            "alias-pretty-version": "1.9.x-dev",
            "alias-version": "1.9.9999999.9999999-dev"
        },
        {
            "package": "twig/twig",
            "version": "dev-master",
            "source-reference": "3f9f587ba72f9da84266b93ee1d0fc025b6b010f",
            "commit-date": "1342197076"
        }
    ],
    "packages-dev": [

    ],
    "aliases": [

    ],
    "minimum-stability": "dev",
    "stability-flags": {
        "doctrine/mongodb-odm": 20
    }
}
